
Microsoft Visual Studio Solution File, Format Version 12.00
# Visual Studio 15
VisualStudioVersion = 15.0.28307.572
MinimumVisualStudioVersion = 10.0.40219.1
Project("{8BC9CEB8-8B4A-11D0-8D11-00A0C91BC942}") = "sudoku", "sudoku\sudoku.vcxproj", "{EDA4EA5D-A88A-4D5A-A301-6A68E1EF38BF}"
EndProject
Global
	GlobalSection(SolutionConfigurationPlatforms) = preSolution
		Debug|x64 = Debug|x64
		Debug|x86 = Debug|x86
		Release|x64 = Release|x64
		Release|x86 = Release|x86
	EndGlobalSection
	GlobalSection(ProjectConfigurationPlatforms) = postSolution
		{EDA4EA5D-A88A-4D5A-A301-6A68E1EF38BF}.Debug|x64.ActiveCfg = Debug|x64
		{EDA4EA5D-A88A-4D5A-A301-6A68E1EF38BF}.Debug|x64.Build.0 = Debug|x64
		{EDA4EA5D-A88A-4D5A-A301-6A68E1EF38BF}.Debug|x86.ActiveCfg = Debug|Win32
		{EDA4EA5D-A88A-4D5A-A301-6A68E1EF38BF}.Debug|x86.Build.0 = Debug|Win32
		{EDA4EA5D-A88A-4D5A-A301-6A68E1EF38BF}.Release|x64.ActiveCfg = Release|x64
		{EDA4EA5D-A88A-4D5A-A301-6A68E1EF38BF}.Release|x64.Build.0 = Release|x64
		{EDA4EA5D-A88A-4D5A-A301-6A68E1EF38BF}.Release|x86.ActiveCfg = Release|Win32
		{EDA4EA5D-A88A-4D5A-A301-6A68E1EF38BF}.Release|x86.Build.0 = Release|Win32
	EndGlobalSection
	GlobalSection(SolutionProperties) = preSolution
		HideSolutionNode = FALSE
	EndGlobalSection
	GlobalSection(ExtensibilityGlobals) = postSolution
		SolutionGuid = {1A2847BD-7829-42A8-B267-823388123BD1}
	EndGlobalSection
EndGlobal
